
Microsoft Visual Studio Solution File, Format Version 12.00
# Visual Studio Version 16
VisualStudioVersion = 16.0.31729.503
MinimumVisualStudioVersion = 10.0.40219.1
Project("{888888A0-9F3D-457C-B088-3A5042F75D52}") = "ex2", "ex2.pyproj", "{DC1C7ACF-1B42-45A5-8512-41B489CB071B}"
EndProject
Global
	GlobalSection(SolutionConfigurationPlatforms) = preSolution
		Debug|Any CPU = Debug|Any CPU
		Release|Any CPU = Release|Any CPU
	EndGlobalSection
	GlobalSection(ProjectConfigurationPlatforms) = postSolution
		{DC1C7ACF-1B42-45A5-8512-41B489CB071B}.Debug|Any CPU.ActiveCfg = Debug|Any CPU
		{DC1C7ACF-1B42-45A5-8512-41B489CB071B}.Release|Any CPU.ActiveCfg = Release|Any CPU
	EndGlobalSection
	GlobalSection(SolutionProperties) = preSolution
		HideSolutionNode = FALSE
	EndGlobalSection
	GlobalSection(ExtensibilityGlobals) = postSolution
		SolutionGuid = {494041C0-0A14-4C99-A308-1581F8AC9DFD}
	EndGlobalSection
EndGlobal
