
Microsoft Visual Studio Solution File, Format Version 12.00
# Visual Studio Version 16
VisualStudioVersion = 16.0.31729.503
MinimumVisualStudioVersion = 10.0.40219.1
Project("{888888A0-9F3D-457C-B088-3A5042F75D52}") = "dfa_minimization_engine", "dfa_minimization_engine.pyproj", "{34FA0F44-0D17-4AF4-8950-91681C9C7883}"
EndProject
Global
	GlobalSection(SolutionConfigurationPlatforms) = preSolution
		Debug|Any CPU = Debug|Any CPU
		Release|Any CPU = Release|Any CPU
	EndGlobalSection
	GlobalSection(ProjectConfigurationPlatforms) = postSolution
		{34FA0F44-0D17-4AF4-8950-91681C9C7883}.Debug|Any CPU.ActiveCfg = Debug|Any CPU
		{34FA0F44-0D17-4AF4-8950-91681C9C7883}.Release|Any CPU.ActiveCfg = Release|Any CPU
	EndGlobalSection
	GlobalSection(SolutionProperties) = preSolution
		HideSolutionNode = FALSE
	EndGlobalSection
	GlobalSection(ExtensibilityGlobals) = postSolution
		SolutionGuid = {CB413820-D2DD-4528-842F-AFC51D7870BA}
	EndGlobalSection
EndGlobal
